{
  "name": "digilanimedia",
  "version": "1.0.0",
  "lockfileVersion": 2,
  "requires": true,
  "packages": {
    "": {
      "name": "digilanimedia",
      "version": "1.0.0",
      "dependencies": {
        "next": "13.5.1",
        "react": "18.2.0",
        "react-dom": "18.2.0",
        "framer-motion": "10.12.16"
      },
      "devDependencies": {
        "tailwindcss": "3.4.5",
        "postcss": "8.4.24",
        "autoprefixer": "10.4.15",
        "typescript": "5.1.6",
        "critters": "0.9.0"
      }
    },
    "node_modules/next": {
      "version": "13.5.1",
      "resolved": "https://registry.npmjs.org/next/-/next-13.5.1.tgz",
      "integrity": "sha512",
      "dev": false,
      "dependencies": {
        "react": "^18.2.0",
        "react-dom": "^18.2.0"
      }
    },
    "node_modules/react": {
      "version": "18.2.0",
      "resolved": "https://registry.npmjs.org/react/-/react-18.2.0.tgz",
      "integrity": "sha512",
      "dev": false
    },
    "node_modules/react-dom": {
      "version": "18.2.0",
      "resolved": "https://registry.npmjs.org/react-dom/-/react-dom-18.2.0.tgz",
      "integrity": "sha512",
      "dev": false
    },
    "node_modules/framer-motion": {
      "version": "10.12.16",
      "resolved": "https://registry.npmjs.org/framer-motion/-/framer-motion-10.12.16.tgz",
      "integrity": "sha512",
      "dev": false
    },
    "node_modules/tailwindcss": {
      "version": "3.4.5",
      "resolved": "https://registry.npmjs.org/tailwindcss/-/tailwindcss-3.4.5.tgz",
      "integrity": "sha512",
      "dev": true
    },
    "node_modules/postcss": {
      "version": "8.4.24",
      "resolved": "https://registry.npmjs.org/postcss/-/postcss-8.4.24.tgz",
      "integrity": "sha512",
      "dev": true
    },
    "node_modules/autoprefixer": {
      "version": "10.4.15",
      "resolved": "https://registry.npmjs.org/autoprefixer/-/autoprefixer-10.4.15.tgz",
      "integrity": "sha512",
      "dev": true
    },
    "node_modules/typescript": {
      "version": "5.1.6",
      "resolved": "https://registry.npmjs.org/typescript/-/typescript-5.1.6.tgz",
      "integrity": "sha512",
      "dev": true
    },
    "node_modules/critters": {
      "version": "0.9.0",
      "resolved": "https://registry.npmjs.org/critters/-/critters-0.9.0.tgz",
      "integrity": "sha512",
      "dev": true
    }
  }
}

