{
  "name": "digilanimedia",
  "version": "1.0.0",
  "lockfileVersion": 2,
  "requires": true,
  "packages": {
    "": {
      "name": "digilanimedia",
      "version": "1.0.0",
      "dependencies": {
        "next": "13.5.1",
        "react": "18.2.0",
        "react-dom": "18.2.0",
        "framer-motion": "10.12.16"
      },
      "devDependencies": {
        "tailwindcss": "3.4.5",
        "postcss": "8.4.24",
        "autoprefixer": "10.4.15",
        "typescript": "5.1.6",
        "critters": "2.3.0"
      }
    },
    "node_modules/next": {
      "version": "13.5.1",
      "resolved": "https://registry.npmjs.org/next/-/next-13.5.1.tgz",
      "integrity": "sha512-DtX3vqu8C6K0y9KuG9v1E7D4j1z7o0vS1sxHxZp+3k0oIYTZR+kiOwSfa5I+p0XqojTd5kz+K0RUBBzQtvZc1g==",
      "dev": false,
      "dependencies": {
        "react": "^18.2.0",
        "react-dom": "^18.2.0"
      }
    },
    "node_modules/react": {
      "version": "18.2.0",
      "resolved": "https://registry.npmjs.org/react/-/react-18.2.0.tgz",
      "integrity": "sha512-1+RMj7N/3hRbSflUZjQ0HBrc6ZlgJ2nWmMkSyz+3U86xR5fQK6uUoFgWUBTyRCR6O6kTcdIxZbIhvFjT1jVg==",
      "dev": false
    },
    "node_modules/react-dom": {
      "version": "18.2.0",
      "resolved": "https://registry.npmjs.org/react-dom/-/react-dom-18.2.0.tgz",
      "integrity": "sha512-Y3tAKtROwU6MxEy2cWqFh1S4gLpzS1H4bhYJ+8xD5z7U3XbqT9+M8v6kh0/1xQG6XJrN/5VhQp7/LPSYJqH9g==",
      "dev": false
    },
    "node_modules/framer-motion": {
      "version": "10.12.16",
      "resolved": "https://registry.npmjs.org/framer-motion/-/framer-motion-10.12.16.tgz",
      "integrity": "sha512-0XYR2z1c+ZYx1r1F6KIRWQh+ZlSzwk3fIQIXlHYYjsM+H17aOP7xVnB69vK2xO4O6NZ9Vnyq4h1D+qFup5L2/A==",
      "dev": false
    },
    "node_modules/tailwindcss": {
      "version": "3.4.5",
      "resolved": "https://registry.npmjs.org/tailwindcss/-/tailwindcss-3.4.5.tgz",
      "integrity": "sha512-LWk3nlj1d1L+mNkLXv5jG5tvR2/wRC+gJh6X12t8x3oGL+u5OvJktjI2FyqvEVrF4pCgOFiV2kRo2rg1+aZcGg==",
      "dev": true
    },
    "node_modules/postcss": {
      "version": "8.4.24",
      "resolved": "https://registry.npmjs.org/postcss/-/postcss-8.4.24.tgz",
      "integrity": "sha512-txJ3oOS68YBQWbD1pJK0cdlDk0f2z3YzLwYqa+ZB9eazx5kF2Z6p8l5R2PMD0b82Fm8+i7yLOuKRLZ0cF/qlHA==",
      "dev": true
    },
    "node_modules/autoprefixer": {
      "version": "10.4.15",
      "resolved": "https://registry.npmjs.org/autoprefixer/-/autoprefixer-10.4.15.tgz",
      "integrity": "sha512-LknYYRJd+DEj+o9u7fRhG91W0T76zFhzlxVgTd9YY9VjJkB6n1VJf0X9h9eHn6LprB/IDhJ3D7G5f+GwhTCqIA==",
      "dev": true
    },
    "node_modules/typescript": {
      "version": "5.1.6",
      "resolved": "https://registry.npmjs.org/typescript/-/typescript-5.1.6.tgz",
      "integrity": "sha512-0YjDcl0Vx5aMz6d5E6xP5R6MPowx4Ei+K8kU2zH1B5BIdLQ3v6bEYb7hYK3rKz1qdpWJfD8NJxXcFoAv7ptJrA==",
      "dev": true
    },
    "node_modules/critters": {
      "version": "2.3.0",
      "resolved": "https://registry.npmjs.org/critters/-/critters-2.3.0.tgz",
      "integrity": "sha512-a+6lhFkbD6R+lF6aZpr+0ZxVShF0QrZT6ZL7H4fP0K5hG7LR8CQxj6oLMfJzXfF5hT1kL7A0/j2F9Z3yV3W6hA==",
      "dev": true
    }
  }
}
